// !$*UTF8*$!
{
	archiveVersion = 1;
	classes = {
	};
	objectVersion = 46;
	objects = {

/* Begin PBXBuildFile section */
		AF59573A1EF7A7B60081D121 /* AppDelegate.swift in Sources */ = {isa = PBXBuildFile; fileRef = AF5957391EF7A7B60081D121 /* AppDelegate.swift */; };
		AF59573C1EF7A7B60081D121 /* ViewController.swift in Sources */ = {isa = PBXBuildFile; fileRef = AF59573B1EF7A7B60081D121 /* ViewController.swift */; };
		AF59573F1EF7A7B60081D121 /* Main.storyboard in Resources */ = {isa = PBXBuildFile; fileRef = AF59573D1EF7A7B60081D121 /* Main.storyboard */; };
		AF5957411EF7A7B60081D121 /* Assets.xcassets in Resources */ = {isa = PBXBuildFile; fileRef = AF5957401EF7A7B60081D121 /* Assets.xcassets */; };
		AF5957441EF7A7B60081D121 /* LaunchScreen.storyboard in Resources */ = {isa = PBXBuildFile; fileRef = AF5957421EF7A7B60081D121 /* LaunchScreen.storyboard */; };
		AF59574F1EF7A7B60081D121 /* KingfisherHelpersTests.swift in Sources */ = {isa = PBXBuildFile; fileRef = AF59574E1EF7A7B60081D121 /* KingfisherHelpersTests.swift */; };
		AF59575A1EF7A7B60081D121 /* KingfisherHelpersUITests.swift in Sources */ = {isa = PBXBuildFile; fileRef = AF5957591EF7A7B60081D121 /* KingfisherHelpersUITests.swift */; };
		AF5957681EF7A7CC0081D121 /* Helpers.swift in Sources */ = {isa = PBXBuildFile; fileRef = AF5957671EF7A7CC0081D121 /* Helpers.swift */; };
/* End PBXBuildFile section */

/* Begin PBXContainerItemProxy section */
		AF59574B1EF7A7B60081D121 /* PBXContainerItemProxy */ = {
			isa = PBXContainerItemProxy;
			containerPortal = AF59572E1EF7A7B60081D121 /* Project object */;
			proxyType = 1;
			remoteGlobalIDString = AF5957351EF7A7B60081D121;
			remoteInfo = KingfisherHelpers;
		};
		AF5957561EF7A7B60081D121 /* PBXContainerItemProxy */ = {
			isa = PBXContainerItemProxy;
			containerPortal = AF59572E1EF7A7B60081D121 /* Project object */;
			proxyType = 1;
			remoteGlobalIDString = AF5957351EF7A7B60081D121;
			remoteInfo = KingfisherHelpers;
		};
/* End PBXContainerItemProxy section */

/* Begin PBXFileReference section */
		AF5957361EF7A7B60081D121 /* KingfisherHelpers.app */ = {isa = PBXFileReference; explicitFileType = wrapper.application; includeInIndex = 0; path = KingfisherHelpers.app; sourceTree = BUILT_PRODUCTS_DIR; };
		AF5957391EF7A7B60081D121 /* AppDelegate.swift */ = {isa = PBXFileReference; lastKnownFileType = sourcecode.swift; path = AppDelegate.swift; sourceTree = "<group>"; };
		AF59573B1EF7A7B60081D121 /* ViewController.swift */ = {isa = PBXFileReference; lastKnownFileType = sourcecode.swift; path = ViewController.swift; sourceTree = "<group>"; };
		AF59573E1EF7A7B60081D121 /* Base */ = {isa = PBXFileReference; lastKnownFileType = file.storyboard; name = Base; path = Base.lproj/Main.storyboard; sourceTree = "<group>"; };
		AF5957401EF7A7B60081D121 /* Assets.xcassets */ = {isa = PBXFileReference; lastKnownFileType = folder.assetcatalog; path = Assets.xcassets; sourceTree = "<group>"; };
		AF5957431EF7A7B60081D121 /* Base */ = {isa = PBXFileReference; lastKnownFileType = file.storyboard; name = Base; path = Base.lproj/LaunchScreen.storyboard; sourceTree = "<group>"; };
		AF5957451EF7A7B60081D121 /* Info.plist */ = {isa = PBXFileReference; lastKnownFileType = text.plist.xml; path = Info.plist; sourceTree = "<group>"; };
		AF59574A1EF7A7B60081D121 /* KingfisherHelpersTests.xctest */ = {isa = PBXFileReference; explicitFileType = wrapper.cfbundle; includeInIndex = 0; path = KingfisherHelpersTests.xctest; sourceTree = BUILT_PRODUCTS_DIR; };
		AF59574E1EF7A7B60081D121 /* KingfisherHelpersTests.swift */ = {isa = PBXFileReference; lastKnownFileType = sourcecode.swift; path = KingfisherHelpersTests.swift; sourceTree = "<group>"; };
		AF5957501EF7A7B60081D121 /* Info.plist */ = {isa = PBXFileReference; lastKnownFileType = text.plist.xml; path = Info.plist; sourceTree = "<group>"; };
		AF5957551EF7A7B60081D121 /* KingfisherHelpersUITests.xctest */ = {isa = PBXFileReference; explicitFileType = wrapper.cfbundle; includeInIndex = 0; path = KingfisherHelpersUITests.xctest; sourceTree = BUILT_PRODUCTS_DIR; };
		AF5957591EF7A7B60081D121 /* KingfisherHelpersUITests.swift */ = {isa = PBXFileReference; lastKnownFileType = sourcecode.swift; path = KingfisherHelpersUITests.swift; sourceTree = "<group>"; };
		AF59575B1EF7A7B60081D121 /* Info.plist */ = {isa = PBXFileReference; lastKnownFileType = text.plist.xml; path = Info.plist; sourceTree = "<group>"; };
		AF5957671EF7A7CC0081D121 /* Helpers.swift */ = {isa = PBXFileReference; fileEncoding = 4; lastKnownFileType = sourcecode.swift; path = Helpers.swift; sourceTree = "<group>"; };
/* End PBXFileReference section */

/* Begin PBXFrameworksBuildPhase section */
		AF5957331EF7A7B60081D121 /* Frameworks */ = {
			isa = PBXFrameworksBuildPhase;
			buildActionMask = 2147483647;
			files = (
			);
			runOnlyForDeploymentPostprocessing = 0;
		};
		AF5957471EF7A7B60081D121 /* Frameworks */ = {
			isa = PBXFrameworksBuildPhase;
			buildActionMask = 2147483647;
			files = (
			);
			runOnlyForDeploymentPostprocessing = 0;
		};
		AF5957521EF7A7B60081D121 /* Frameworks */ = {
			isa = PBXFrameworksBuildPhase;
			buildActionMask = 2147483647;
			files = (
			);
			runOnlyForDeploymentPostprocessing = 0;
		};
/* End PBXFrameworksBuildPhase section */

/* Begin PBXGroup section */
		AF59572D1EF7A7B60081D121 = {
			isa = PBXGroup;
			children = (
				AF5957381EF7A7B60081D121 /* KingfisherHelpers */,
				AF59574D1EF7A7B60081D121 /* KingfisherHelpersTests */,
				AF5957581EF7A7B60081D121 /* KingfisherHelpersUITests */,
				AF5957371EF7A7B60081D121 /* Products */,
			);
			sourceTree = "<group>";
		};
		AF5957371EF7A7B60081D121 /* Products */ = {
			isa = PBXGroup;
			children = (
				AF5957361EF7A7B60081D121 /* KingfisherHelpers.app */,
				AF59574A1EF7A7B60081D121 /* KingfisherHelpersTests.xctest */,
				AF5957551EF7A7B60081D121 /* KingfisherHelpersUITests.xctest */,
			);
			name = Products;
			sourceTree = "<group>";
		};
		AF5957381EF7A7B60081D121 /* KingfisherHelpers */ = {
			isa = PBXGroup;
			children = (
				AF5957391EF7A7B60081D121 /* AppDelegate.swift */,
				AF59573B1EF7A7B60081D121 /* ViewController.swift */,
				AF59573D1EF7A7B60081D121 /* Main.storyboard */,
				AF5957401EF7A7B60081D121 /* Assets.xcassets */,
				AF5957421EF7A7B60081D121 /* LaunchScreen.storyboard */,
				AF5957451EF7A7B60081D121 /* Info.plist */,
				AF5957671EF7A7CC0081D121 /* Helpers.swift */,
			);
			path = KingfisherHelpers;
			sourceTree = "<group>";
		};
		AF59574D1EF7A7B60081D121 /* KingfisherHelpersTests */ = {
			isa = PBXGroup;
			children = (
				AF59574E1EF7A7B60081D121 /* KingfisherHelpersTests.swift */,
				AF5957501EF7A7B60081D121 /* Info.plist */,
			);
			path = KingfisherHelpersTests;
			sourceTree = "<group>";
		};
		AF5957581EF7A7B60081D121 /* KingfisherHelpersUITests */ = {
			isa = PBXGroup;
			children = (
				AF5957591EF7A7B60081D121 /* KingfisherHelpersUITests.swift */,
				AF59575B1EF7A7B60081D121 /* Info.plist */,
			);
			path = KingfisherHelpersUITests;
			sourceTree = "<group>";
		};
/* End PBXGroup section */

/* Begin PBXNativeTarget section */
		AF5957351EF7A7B60081D121 /* KingfisherHelpers */ = {
			isa = PBXNativeTarget;
			buildConfigurationList = AF59575E1EF7A7B60081D121 /* Build configuration list for PBXNativeTarget "KingfisherHelpers" */;
			buildPhases = (
				AF5957321EF7A7B60081D121 /* Sources */,
				AF5957331EF7A7B60081D121 /* Frameworks */,
				AF5957341EF7A7B60081D121 /* Resources */,
			);
			buildRules = (
			);
			dependencies = (
			);
			name = KingfisherHelpers;
			productName = KingfisherHelpers;
			productReference = AF5957361EF7A7B60081D121 /* KingfisherHelpers.app */;
			productType = "com.apple.product-type.application";
		};
		AF5957491EF7A7B60081D121 /* KingfisherHelpersTests */ = {
			isa = PBXNativeTarget;
			buildConfigurationList = AF5957611EF7A7B60081D121 /* Build configuration list for PBXNativeTarget "KingfisherHelpersTests" */;
			buildPhases = (
				AF5957461EF7A7B60081D121 /* Sources */,
				AF5957471EF7A7B60081D121 /* Frameworks */,
				AF5957481EF7A7B60081D121 /* Resources */,
			);
			buildRules = (
			);
			dependencies = (
				AF59574C1EF7A7B60081D121 /* PBXTargetDependency */,
			);
			name = KingfisherHelpersTests;
			productName = KingfisherHelpersTests;
			productReference = AF59574A1EF7A7B60081D121 /* KingfisherHelpersTests.xctest */;
			productType = "com.apple.product-type.bundle.unit-test";
		};
		AF5957541EF7A7B60081D121 /* KingfisherHelpersUITests */ = {
			isa = PBXNativeTarget;
			buildConfigurationList = AF5957641EF7A7B60081D121 /* Build configuration list for PBXNativeTarget "KingfisherHelpersUITests" */;
			buildPhases = (
				AF5957511EF7A7B60081D121 /* Sources */,
				AF5957521EF7A7B60081D121 /* Frameworks */,
				AF5957531EF7A7B60081D121 /* Resources */,
			);
			buildRules = (
			);
			dependencies = (
				AF5957571EF7A7B60081D121 /* PBXTargetDependency */,
			);
			name = KingfisherHelpersUITests;
			productName = KingfisherHelpersUITests;
			productReference = AF5957551EF7A7B60081D121 /* KingfisherHelpersUITests.xctest */;
			productType = "com.apple.product-type.bundle.ui-testing";
		};
/* End PBXNativeTarget section */

/* Begin PBXProject section */
		AF59572E1EF7A7B60081D121 /* Project object */ = {
			isa = PBXProject;
			attributes = {
				LastSwiftUpdateCheck = 0830;
				LastUpgradeCheck = 0830;
				ORGANIZATIONNAME = PF;
				TargetAttributes = {
					AF5957351EF7A7B60081D121 = {
						CreatedOnToolsVersion = 8.3.3;
						ProvisioningStyle = Automatic;
					};
					AF5957491EF7A7B60081D121 = {
						CreatedOnToolsVersion = 8.3.3;
						ProvisioningStyle = Automatic;
						TestTargetID = AF5957351EF7A7B60081D121;
					};
					AF5957541EF7A7B60081D121 = {
						CreatedOnToolsVersion = 8.3.3;
						ProvisioningStyle = Automatic;
						TestTargetID = AF5957351EF7A7B60081D121;
					};
				};
			};
			buildConfigurationList = AF5957311EF7A7B60081D121 /* Build configuration list for PBXProject "KingfisherHelpers" */;
			compatibilityVersion = "Xcode 3.2";
			developmentRegion = English;
			hasScannedForEncodings = 0;
			knownRegions = (
				en,
				Base,
			);
			mainGroup = AF59572D1EF7A7B60081D121;
			productRefGroup = AF5957371EF7A7B60081D121 /* Products */;
			projectDirPath = "";
			projectRoot = "";
			targets = (
				AF5957351EF7A7B60081D121 /* KingfisherHelpers */,
				AF5957491EF7A7B60081D121 /* KingfisherHelpersTests */,
				AF5957541EF7A7B60081D121 /* KingfisherHelpersUITests */,
			);
		};
/* End PBXProject section */

/* Begin PBXResourcesBuildPhase section */
		AF5957341EF7A7B60081D121 /* Resources */ = {
			isa = PBXResourcesBuildPhase;
			buildActionMask = 2147483647;
			files = (
				AF5957441EF7A7B60081D121 /* LaunchScreen.storyboard in Resources */,
				AF5957411EF7A7B60081D121 /* Assets.xcassets in Resources */,
				AF59573F1EF7A7B60081D121 /* Main.storyboard in Resources */,
			);
			runOnlyForDeploymentPostprocessing = 0;
		};
		AF5957481EF7A7B60081D121 /* Resources */ = {
			isa = PBXResourcesBuildPhase;
			buildActionMask = 2147483647;
			files = (
			);
			runOnlyForDeploymentPostprocessing = 0;
		};
		AF5957531EF7A7B60081D121 /* Resources */ = {
			isa = PBXResourcesBuildPhase;
			buildActionMask = 2147483647;
			files = (
			);
			runOnlyForDeploymentPostprocessing = 0;
		};
/* End PBXResourcesBuildPhase section */

/* Begin PBXSourcesBuildPhase section */
		AF5957321EF7A7B60081D121 /* Sources */ = {
			isa = PBXSourcesBuildPhase;
			buildActionMask = 2147483647;
			files = (
				AF59573C1EF7A7B60081D121 /* ViewController.swift in Sources */,
				AF5957681EF7A7CC0081D121 /* Helpers.swift in Sources */,
				AF59573A1EF7A7B60081D121 /* AppDelegate.swift in Sources */,
			);
			runOnlyForDeploymentPostprocessing = 0;
		};
		AF5957461EF7A7B60081D121 /* Sources */ = {
			isa = PBXSourcesBuildPhase;
			buildActionMask = 2147483647;
			files = (
				AF59574F1EF7A7B60081D121 /* KingfisherHelpersTests.swift in Sources */,
			);
			runOnlyForDeploymentPostprocessing = 0;
		};
		AF5957511EF7A7B60081D121 /* Sources */ = {
			isa = PBXSourcesBuildPhase;
			buildActionMask = 2147483647;
			files = (
				AF59575A1EF7A7B60081D121 /* KingfisherHelpersUITests.swift in Sources */,
			);
			runOnlyForDeploymentPostprocessing = 0;
		};
/* End PBXSourcesBuildPhase section */

/* Begin PBXTargetDependency section */
		AF59574C1EF7A7B60081D121 /* PBXTargetDependency */ = {
			isa = PBXTargetDependency;
			target = AF5957351EF7A7B60081D121 /* KingfisherHelpers */;
			targetProxy = AF59574B1EF7A7B60081D121 /* PBXContainerItemProxy */;
		};
		AF5957571EF7A7B60081D121 /* PBXTargetDependency */ = {
			isa = PBXTargetDependency;
			target = AF5957351EF7A7B60081D121 /* KingfisherHelpers */;
			targetProxy = AF5957561EF7A7B60081D121 /* PBXContainerItemProxy */;
		};
/* End PBXTargetDependency section */

/* Begin PBXVariantGroup section */
		AF59573D1EF7A7B60081D121 /* Main.storyboard */ = {
			isa = PBXVariantGroup;
			children = (
				AF59573E1EF7A7B60081D121 /* Base */,
			);
			name = Main.storyboard;
			sourceTree = "<group>";
		};
		AF5957421EF7A7B60081D121 /* LaunchScreen.storyboard */ = {
			isa = PBXVariantGroup;
			children = (
				AF5957431EF7A7B60081D121 /* Base */,
			);
			name = LaunchScreen.storyboard;
			sourceTree = "<group>";
		};
/* End PBXVariantGroup section */

/* Begin XCBuildConfiguration section */
		AF59575C1EF7A7B60081D121 /* Debug */ = {
			isa = XCBuildConfiguration;
			buildSettings = {
				ALWAYS_SEARCH_USER_PATHS = NO;
				CLANG_ANALYZER_NONNULL = YES;
				CLANG_ANALYZER_NUMBER_OBJECT_CONVERSION = YES_AGGRESSIVE;
				CLANG_CXX_LANGUAGE_STANDARD = "gnu++0x";
				CLANG_CXX_LIBRARY = "libc++";
				CLANG_ENABLE_MODULES = YES;
				CLANG_ENABLE_OBJC_ARC = YES;
				CLANG_WARN_BOOL_CONVERSION = YES;
				CLANG_WARN_CONSTANT_CONVERSION = YES;
				CLANG_WARN_DIRECT_OBJC_ISA_USAGE = YES_ERROR;
				CLANG_WARN_DOCUMENTATION_COMMENTS = YES;
				CLANG_WARN_EMPTY_BODY = YES;
				CLANG_WARN_ENUM_CONVERSION = YES;
				CLANG_WARN_INFINITE_RECURSION = YES;
				CLANG_WARN_INT_CONVERSION = YES;
				CLANG_WARN_OBJC_ROOT_CLASS = YES_ERROR;
				CLANG_WARN_SUSPICIOUS_MOVE = YES;
				CLANG_WARN_UNREACHABLE_CODE = YES;
				CLANG_WARN__DUPLICATE_METHOD_MATCH = YES;
				"CODE_SIGN_IDENTITY[sdk=iphoneos*]" = "iPhone Developer";
				COPY_PHASE_STRIP = NO;
				DEBUG_INFORMATION_FORMAT = dwarf;
				ENABLE_STRICT_OBJC_MSGSEND = YES;
				ENABLE_TESTABILITY = YES;
				GCC_C_LANGUAGE_STANDARD = gnu99;
				GCC_DYNAMIC_NO_PIC = NO;
				GCC_NO_COMMON_BLOCKS = YES;
				GCC_OPTIMIZATION_LEVEL = 0;
				GCC_PREPROCESSOR_DEFINITIONS = (
					"DEBUG=1",
					"$(inherited)",
				);
				GCC_WARN_64_TO_32_BIT_CONVERSION = YES;
				GCC_WARN_ABOUT_RETURN_TYPE = YES_ERROR;
				GCC_WARN_UNDECLARED_SELECTOR = YES;
				GCC_WARN_UNINITIALIZED_AUTOS = YES_AGGRESSIVE;
				GCC_WARN_UNUSED_FUNCTION = YES;
				GCC_WARN_UNUSED_VARIABLE = YES;
				IPHONEOS_DEPLOYMENT_TARGET = 10.3;
				MTL_ENABLE_DEBUG_INFO = YES;
				ONLY_ACTIVE_ARCH = YES;
				SDKROOT = iphoneos;
				SWIFT_ACTIVE_COMPILATION_CONDITIONS = DEBUG;
				SWIFT_OPTIMIZATION_LEVEL = "-Onone";
			};
			name = Debug;
		};
		AF59575D1EF7A7B60081D121 /* Release */ = {
			isa = XCBuildConfiguration;
			buildSettings = {
				ALWAYS_SEARCH_USER_PATHS = NO;
				CLANG_ANALYZER_NONNULL = YES;
				CLANG_ANALYZER_NUMBER_OBJECT_CONVERSION = YES_AGGRESSIVE;
				CLANG_CXX_LANGUAGE_STANDARD = "gnu++0x";
				CLANG_CXX_LIBRARY = "libc++";
				CLANG_ENABLE_MODULES = YES;
				CLANG_ENABLE_OBJC_ARC = YES;
				CLANG_WARN_BOOL_CONVERSION = YES;
				CLANG_WARN_CONSTANT_CONVERSION = YES;
				CLANG_WARN_DIRECT_OBJC_ISA_USAGE = YES_ERROR;
				CLANG_WARN_DOCUMENTATION_COMMENTS = YES;
				CLANG_WARN_EMPTY_BODY = YES;
				CLANG_WARN_ENUM_CONVERSION = YES;
				CLANG_WARN_INFINITE_RECURSION = YES;
				CLANG_WARN_INT_CONVERSION = YES;
				CLANG_WARN_OBJC_ROOT_CLASS = YES_ERROR;
				CLANG_WARN_SUSPICIOUS_MOVE = YES;
				CLANG_WARN_UNREACHABLE_CODE = YES;
				CLANG_WARN__DUPLICATE_METHOD_MATCH = YES;
				"CODE_SIGN_IDENTITY[sdk=iphoneos*]" = "iPhone Developer";
				COPY_PHASE_STRIP = NO;
				DEBUG_INFORMATION_FORMAT = "dwarf-with-dsym";
				ENABLE_NS_ASSERTIONS = NO;
				ENABLE_STRICT_OBJC_MSGSEND = YES;
				GCC_C_LANGUAGE_STANDARD = gnu99;
				GCC_NO_COMMON_BLOCKS = YES;
				GCC_WARN_64_TO_32_BIT_CONVERSION = YES;
				GCC_WARN_ABOUT_RETURN_TYPE = YES_ERROR;
				GCC_WARN_UNDECLARED_SELECTOR = YES;
				GCC_WARN_UNINITIALIZED_AUTOS = YES_AGGRESSIVE;
				GCC_WARN_UNUSED_FUNCTION = YES;
				GCC_WARN_UNUSED_VARIABLE = YES;
				IPHONEOS_DEPLOYMENT_TARGET = 10.3;
				MTL_ENABLE_DEBUG_INFO = NO;
				SDKROOT = iphoneos;
				SWIFT_OPTIMIZATION_LEVEL = "-Owholemodule";
				VALIDATE_PRODUCT = YES;
			};
			name = Release;
		};
		AF59575F1EF7A7B60081D121 /* Debug */ = {
			isa = XCBuildConfiguration;
			buildSettings = {
				ASSETCATALOG_COMPILER_APPICON_NAME = AppIcon;
				INFOPLIST_FILE = KingfisherHelpers/Info.plist;
				LD_RUNPATH_SEARCH_PATHS = "$(inherited) @executable_path/Frameworks";
				PRODUCT_BUNDLE_IDENTIFIER = Just.KingfisherHelpers;
				PRODUCT_NAME = "$(TARGET_NAME)";
				SWIFT_VERSION = 3.0;
			};
			name = Debug;
		};
		AF5957601EF7A7B60081D121 /* Release */ = {
			isa = XCBuildConfiguration;
			buildSettings = {
				ASSETCATALOG_COMPILER_APPICON_NAME = AppIcon;
				INFOPLIST_FILE = KingfisherHelpers/Info.plist;
				LD_RUNPATH_SEARCH_PATHS = "$(inherited) @executable_path/Frameworks";
				PRODUCT_BUNDLE_IDENTIFIER = Just.KingfisherHelpers;
				PRODUCT_NAME = "$(TARGET_NAME)";
				SWIFT_VERSION = 3.0;
			};
			name = Release;
		};
		AF5957621EF7A7B60081D121 /* Debug */ = {
			isa = XCBuildConfiguration;
			buildSettings = {
				ALWAYS_EMBED_SWIFT_STANDARD_LIBRARIES = YES;
				BUNDLE_LOADER = "$(TEST_HOST)";
				INFOPLIST_FILE = KingfisherHelpersTests/Info.plist;
				LD_RUNPATH_SEARCH_PATHS = "$(inherited) @executable_path/Frameworks @loader_path/Frameworks";
				PRODUCT_BUNDLE_IDENTIFIER = Just.KingfisherHelpersTests;
				PRODUCT_NAME = "$(TARGET_NAME)";
				SWIFT_VERSION = 3.0;
				TEST_HOST = "$(BUILT_PRODUCTS_DIR)/KingfisherHelpers.app/KingfisherHelpers";
			};
			name = Debug;
		};
		AF5957631EF7A7B60081D121 /* Release */ = {
			isa = XCBuildConfiguration;
			buildSettings = {
				ALWAYS_EMBED_SWIFT_STANDARD_LIBRARIES = YES;
				BUNDLE_LOADER = "$(TEST_HOST)";
				INFOPLIST_FILE = KingfisherHelpersTests/Info.plist;
				LD_RUNPATH_SEARCH_PATHS = "$(inherited) @executable_path/Frameworks @loader_path/Frameworks";
				PRODUCT_BUNDLE_IDENTIFIER = Just.KingfisherHelpersTests;
				PRODUCT_NAME = "$(TARGET_NAME)";
				SWIFT_VERSION = 3.0;
				TEST_HOST = "$(BUILT_PRODUCTS_DIR)/KingfisherHelpers.app/KingfisherHelpers";
			};
			name = Release;
		};
		AF5957651EF7A7B60081D121 /* Debug */ = {
			isa = XCBuildConfiguration;
			buildSettings = {
				ALWAYS_EMBED_SWIFT_STANDARD_LIBRARIES = YES;
				INFOPLIST_FILE = KingfisherHelpersUITests/Info.plist;
				LD_RUNPATH_SEARCH_PATHS = "$(inherited) @executable_path/Frameworks @loader_path/Frameworks";
				PRODUCT_BUNDLE_IDENTIFIER = Just.KingfisherHelpersUITests;
				PRODUCT_NAME = "$(TARGET_NAME)";
				SWIFT_VERSION = 3.0;
				TEST_TARGET_NAME = KingfisherHelpers;
			};
			name = Debug;
		};
		AF5957661EF7A7B60081D121 /* Release */ = {
			isa = XCBuildConfiguration;
			buildSettings = {
				ALWAYS_EMBED_SWIFT_STANDARD_LIBRARIES = YES;
				INFOPLIST_FILE = KingfisherHelpersUITests/Info.plist;
				LD_RUNPATH_SEARCH_PATHS = "$(inherited) @executable_path/Frameworks @loader_path/Frameworks";
				PRODUCT_BUNDLE_IDENTIFIER = Just.KingfisherHelpersUITests;
				PRODUCT_NAME = "$(TARGET_NAME)";
				SWIFT_VERSION = 3.0;
				TEST_TARGET_NAME = KingfisherHelpers;
			};
			name = Release;
		};
/* End XCBuildConfiguration section */

/* Begin XCConfigurationList section */
		AF5957311EF7A7B60081D121 /* Build configuration list for PBXProject "KingfisherHelpers" */ = {
			isa = XCConfigurationList;
			buildConfigurations = (
				AF59575C1EF7A7B60081D121 /* Debug */,
				AF59575D1EF7A7B60081D121 /* Release */,
			);
			defaultConfigurationIsVisible = 0;
			defaultConfigurationName = Release;
		};
		AF59575E1EF7A7B60081D121 /* Build configuration list for PBXNativeTarget "KingfisherHelpers" */ = {
			isa = XCConfigurationList;
			buildConfigurations = (
				AF59575F1EF7A7B60081D121 /* Debug */,
				AF5957601EF7A7B60081D121 /* Release */,
			);
			defaultConfigurationIsVisible = 0;
		};
		AF5957611EF7A7B60081D121 /* Build configuration list for PBXNativeTarget "KingfisherHelpersTests" */ = {
			isa = XCConfigurationList;
			buildConfigurations = (
				AF5957621EF7A7B60081D121 /* Debug */,
				AF5957631EF7A7B60081D121 /* Release */,
			);
			defaultConfigurationIsVisible = 0;
		};
		AF5957641EF7A7B60081D121 /* Build configuration list for PBXNativeTarget "KingfisherHelpersUITests" */ = {
			isa = XCConfigurationList;
			buildConfigurations = (
				AF5957651EF7A7B60081D121 /* Debug */,
				AF5957661EF7A7B60081D121 /* Release */,
			);
			defaultConfigurationIsVisible = 0;
		};
/* End XCConfigurationList section */
	};
	rootObject = AF59572E1EF7A7B60081D121 /* Project object */;
}
